
Microsoft Visual Studio Solution File, Format Version 12.00
Project("{FAE04EC0-301F-11D3-BF4B-00C04F79EFBC}") = "Day1", "Day1\Day1.csproj", "{2AC0F098-1EC0-4708-A9F6-D60B32A3FFAE}"
EndProject
Project("{FAE04EC0-301F-11D3-BF4B-00C04F79EFBC}") = "Day2", "Day2\Day2.csproj", "{B082EC4B-699C-4446-A680-6E53DCEE740E}"
EndProject
Project("{FAE04EC0-301F-11D3-BF4B-00C04F79EFBC}") = "Day3", "Day3\Day3.csproj", "{FC49CFC2-5446-4A16-B1F5-EBBB043E443E}"
EndProject
Project("{FAE04EC0-301F-11D3-BF4B-00C04F79EFBC}") = "Day4", "Day4\Day4.csproj", "{B58ABEF0-CFB8-4B55-A34D-9516434DA636}"
EndProject
Project("{FAE04EC0-301F-11D3-BF4B-00C04F79EFBC}") = "Day5", "Day5\Day5.csproj", "{3154C8D8-29A7-4043-9B53-E4C1C0E13D68}"
EndProject
Project("{FAE04EC0-301F-11D3-BF4B-00C04F79EFBC}") = "Day6", "Day6\Day6.csproj", "{7FC9F3B3-29A7-436C-BC23-B10356C8FDEB}"
EndProject
Global
	GlobalSection(SolutionConfigurationPlatforms) = preSolution
		Debug|Any CPU = Debug|Any CPU
		Release|Any CPU = Release|Any CPU
	EndGlobalSection
	GlobalSection(ProjectConfigurationPlatforms) = postSolution
		{2AC0F098-1EC0-4708-A9F6-D60B32A3FFAE}.Debug|Any CPU.ActiveCfg = Debug|Any CPU
		{2AC0F098-1EC0-4708-A9F6-D60B32A3FFAE}.Debug|Any CPU.Build.0 = Debug|Any CPU
		{2AC0F098-1EC0-4708-A9F6-D60B32A3FFAE}.Release|Any CPU.ActiveCfg = Release|Any CPU
		{2AC0F098-1EC0-4708-A9F6-D60B32A3FFAE}.Release|Any CPU.Build.0 = Release|Any CPU
		{B082EC4B-699C-4446-A680-6E53DCEE740E}.Debug|Any CPU.ActiveCfg = Debug|Any CPU
		{B082EC4B-699C-4446-A680-6E53DCEE740E}.Debug|Any CPU.Build.0 = Debug|Any CPU
		{B082EC4B-699C-4446-A680-6E53DCEE740E}.Release|Any CPU.ActiveCfg = Release|Any CPU
		{B082EC4B-699C-4446-A680-6E53DCEE740E}.Release|Any CPU.Build.0 = Release|Any CPU
		{FC49CFC2-5446-4A16-B1F5-EBBB043E443E}.Debug|Any CPU.ActiveCfg = Debug|Any CPU
		{FC49CFC2-5446-4A16-B1F5-EBBB043E443E}.Debug|Any CPU.Build.0 = Debug|Any CPU
		{FC49CFC2-5446-4A16-B1F5-EBBB043E443E}.Release|Any CPU.ActiveCfg = Release|Any CPU
		{FC49CFC2-5446-4A16-B1F5-EBBB043E443E}.Release|Any CPU.Build.0 = Release|Any CPU
		{B58ABEF0-CFB8-4B55-A34D-9516434DA636}.Debug|Any CPU.ActiveCfg = Debug|Any CPU
		{B58ABEF0-CFB8-4B55-A34D-9516434DA636}.Debug|Any CPU.Build.0 = Debug|Any CPU
		{B58ABEF0-CFB8-4B55-A34D-9516434DA636}.Release|Any CPU.ActiveCfg = Release|Any CPU
		{B58ABEF0-CFB8-4B55-A34D-9516434DA636}.Release|Any CPU.Build.0 = Release|Any CPU
		{3154C8D8-29A7-4043-9B53-E4C1C0E13D68}.Debug|Any CPU.ActiveCfg = Debug|Any CPU
		{3154C8D8-29A7-4043-9B53-E4C1C0E13D68}.Debug|Any CPU.Build.0 = Debug|Any CPU
		{3154C8D8-29A7-4043-9B53-E4C1C0E13D68}.Release|Any CPU.ActiveCfg = Release|Any CPU
		{3154C8D8-29A7-4043-9B53-E4C1C0E13D68}.Release|Any CPU.Build.0 = Release|Any CPU
		{7FC9F3B3-29A7-436C-BC23-B10356C8FDEB}.Debug|Any CPU.ActiveCfg = Debug|Any CPU
		{7FC9F3B3-29A7-436C-BC23-B10356C8FDEB}.Debug|Any CPU.Build.0 = Debug|Any CPU
		{7FC9F3B3-29A7-436C-BC23-B10356C8FDEB}.Release|Any CPU.ActiveCfg = Release|Any CPU
		{7FC9F3B3-29A7-436C-BC23-B10356C8FDEB}.Release|Any CPU.Build.0 = Release|Any CPU
	EndGlobalSection
EndGlobal
