
Microsoft Visual Studio Solution File, Format Version 12.00
Project("{FAE04EC0-301F-11D3-BF4B-00C04F79EFBC}") = "Day1", "Day1\Day1.csproj", "{2AC0F098-1EC0-4708-A9F6-D60B32A3FFAE}"
EndProject
Project("{FAE04EC0-301F-11D3-BF4B-00C04F79EFBC}") = "Day2", "Day2\Day2.csproj", "{B082EC4B-699C-4446-A680-6E53DCEE740E}"
EndProject
Project("{FAE04EC0-301F-11D3-BF4B-00C04F79EFBC}") = "Day3", "Day3\Day3.csproj", "{FC49CFC2-5446-4A16-B1F5-EBBB043E443E}"
EndProject
Project("{FAE04EC0-301F-11D3-BF4B-00C04F79EFBC}") = "Day4", "Day4\Day4.csproj", "{B58ABEF0-CFB8-4B55-A34D-9516434DA636}"
EndProject
Project("{FAE04EC0-301F-11D3-BF4B-00C04F79EFBC}") = "Day5", "Day5\Day5.csproj", "{3154C8D8-29A7-4043-9B53-E4C1C0E13D68}"
EndProject
Project("{FAE04EC0-301F-11D3-BF4B-00C04F79EFBC}") = "Day6", "Day6\Day6.csproj", "{7FC9F3B3-29A7-436C-BC23-B10356C8FDEB}"
EndProject
Project("{FAE04EC0-301F-11D3-BF4B-00C04F79EFBC}") = "Day7", "Day7\Day7.csproj", "{0F94E13A-0F0D-4C43-9328-92A7C4695669}"
EndProject
Project("{FAE04EC0-301F-11D3-BF4B-00C04F79EFBC}") = "Day8", "Day8\Day8.csproj", "{F6FDFC06-1F92-4146-BDC2-AA525077B76B}"
EndProject
Project("{FAE04EC0-301F-11D3-BF4B-00C04F79EFBC}") = "Day9", "Day9\Day9.csproj", "{BCB7F4E4-1F42-4C93-96F1-1D224A387B07}"
EndProject
Project("{FAE04EC0-301F-11D3-BF4B-00C04F79EFBC}") = "Day10", "Day10\Day10.csproj", "{E5C0A466-B31D-4B25-A419-583C7FCB897A}"
EndProject
Global
	GlobalSection(SolutionConfigurationPlatforms) = preSolution
		Debug|Any CPU = Debug|Any CPU
		Release|Any CPU = Release|Any CPU
	EndGlobalSection
	GlobalSection(ProjectConfigurationPlatforms) = postSolution
		{2AC0F098-1EC0-4708-A9F6-D60B32A3FFAE}.Debug|Any CPU.ActiveCfg = Debug|Any CPU
		{2AC0F098-1EC0-4708-A9F6-D60B32A3FFAE}.Debug|Any CPU.Build.0 = Debug|Any CPU
		{2AC0F098-1EC0-4708-A9F6-D60B32A3FFAE}.Release|Any CPU.ActiveCfg = Release|Any CPU
		{2AC0F098-1EC0-4708-A9F6-D60B32A3FFAE}.Release|Any CPU.Build.0 = Release|Any CPU
		{B082EC4B-699C-4446-A680-6E53DCEE740E}.Debug|Any CPU.ActiveCfg = Debug|Any CPU
		{B082EC4B-699C-4446-A680-6E53DCEE740E}.Debug|Any CPU.Build.0 = Debug|Any CPU
		{B082EC4B-699C-4446-A680-6E53DCEE740E}.Release|Any CPU.ActiveCfg = Release|Any CPU
		{B082EC4B-699C-4446-A680-6E53DCEE740E}.Release|Any CPU.Build.0 = Release|Any CPU
		{FC49CFC2-5446-4A16-B1F5-EBBB043E443E}.Debug|Any CPU.ActiveCfg = Debug|Any CPU
		{FC49CFC2-5446-4A16-B1F5-EBBB043E443E}.Debug|Any CPU.Build.0 = Debug|Any CPU
		{FC49CFC2-5446-4A16-B1F5-EBBB043E443E}.Release|Any CPU.ActiveCfg = Release|Any CPU
		{FC49CFC2-5446-4A16-B1F5-EBBB043E443E}.Release|Any CPU.Build.0 = Release|Any CPU
		{B58ABEF0-CFB8-4B55-A34D-9516434DA636}.Debug|Any CPU.ActiveCfg = Debug|Any CPU
		{B58ABEF0-CFB8-4B55-A34D-9516434DA636}.Debug|Any CPU.Build.0 = Debug|Any CPU
		{B58ABEF0-CFB8-4B55-A34D-9516434DA636}.Release|Any CPU.ActiveCfg = Release|Any CPU
		{B58ABEF0-CFB8-4B55-A34D-9516434DA636}.Release|Any CPU.Build.0 = Release|Any CPU
		{3154C8D8-29A7-4043-9B53-E4C1C0E13D68}.Debug|Any CPU.ActiveCfg = Debug|Any CPU
		{3154C8D8-29A7-4043-9B53-E4C1C0E13D68}.Debug|Any CPU.Build.0 = Debug|Any CPU
		{3154C8D8-29A7-4043-9B53-E4C1C0E13D68}.Release|Any CPU.ActiveCfg = Release|Any CPU
		{3154C8D8-29A7-4043-9B53-E4C1C0E13D68}.Release|Any CPU.Build.0 = Release|Any CPU
		{7FC9F3B3-29A7-436C-BC23-B10356C8FDEB}.Debug|Any CPU.ActiveCfg = Debug|Any CPU
		{7FC9F3B3-29A7-436C-BC23-B10356C8FDEB}.Debug|Any CPU.Build.0 = Debug|Any CPU
		{7FC9F3B3-29A7-436C-BC23-B10356C8FDEB}.Release|Any CPU.ActiveCfg = Release|Any CPU
		{7FC9F3B3-29A7-436C-BC23-B10356C8FDEB}.Release|Any CPU.Build.0 = Release|Any CPU
		{0F94E13A-0F0D-4C43-9328-92A7C4695669}.Debug|Any CPU.ActiveCfg = Debug|Any CPU
		{0F94E13A-0F0D-4C43-9328-92A7C4695669}.Debug|Any CPU.Build.0 = Debug|Any CPU
		{0F94E13A-0F0D-4C43-9328-92A7C4695669}.Release|Any CPU.ActiveCfg = Release|Any CPU
		{0F94E13A-0F0D-4C43-9328-92A7C4695669}.Release|Any CPU.Build.0 = Release|Any CPU
		{F6FDFC06-1F92-4146-BDC2-AA525077B76B}.Debug|Any CPU.ActiveCfg = Debug|Any CPU
		{F6FDFC06-1F92-4146-BDC2-AA525077B76B}.Debug|Any CPU.Build.0 = Debug|Any CPU
		{F6FDFC06-1F92-4146-BDC2-AA525077B76B}.Release|Any CPU.ActiveCfg = Release|Any CPU
		{F6FDFC06-1F92-4146-BDC2-AA525077B76B}.Release|Any CPU.Build.0 = Release|Any CPU
		{BCB7F4E4-1F42-4C93-96F1-1D224A387B07}.Debug|Any CPU.ActiveCfg = Debug|Any CPU
		{BCB7F4E4-1F42-4C93-96F1-1D224A387B07}.Debug|Any CPU.Build.0 = Debug|Any CPU
		{BCB7F4E4-1F42-4C93-96F1-1D224A387B07}.Release|Any CPU.ActiveCfg = Release|Any CPU
		{BCB7F4E4-1F42-4C93-96F1-1D224A387B07}.Release|Any CPU.Build.0 = Release|Any CPU
		{E5C0A466-B31D-4B25-A419-583C7FCB897A}.Debug|Any CPU.ActiveCfg = Debug|Any CPU
		{E5C0A466-B31D-4B25-A419-583C7FCB897A}.Debug|Any CPU.Build.0 = Debug|Any CPU
		{E5C0A466-B31D-4B25-A419-583C7FCB897A}.Release|Any CPU.ActiveCfg = Release|Any CPU
		{E5C0A466-B31D-4B25-A419-583C7FCB897A}.Release|Any CPU.Build.0 = Release|Any CPU
	EndGlobalSection
EndGlobal
